
Microsoft Visual Studio Solution File, Format Version 12.00
# Visual Studio Version 16
VisualStudioVersion = 16.0.31019.35
MinimumVisualStudioVersion = 10.0.40219.1
Project("{8BC9CEB8-8B4A-11D0-8D11-00A0C91BC942}") = "Haysarova", "Haysarova\Haysarova.vcxproj", "{B29C929F-4247-4485-91A6-AE66F9DD98EC}"
EndProject
Global
	GlobalSection(SolutionConfigurationPlatforms) = preSolution
		Debug|x64 = Debug|x64
		Debug|x86 = Debug|x86
		Release|x64 = Release|x64
		Release|x86 = Release|x86
	EndGlobalSection
	GlobalSection(ProjectConfigurationPlatforms) = postSolution
		{B29C929F-4247-4485-91A6-AE66F9DD98EC}.Debug|x64.ActiveCfg = Debug|x64
		{B29C929F-4247-4485-91A6-AE66F9DD98EC}.Debug|x64.Build.0 = Debug|x64
		{B29C929F-4247-4485-91A6-AE66F9DD98EC}.Debug|x86.ActiveCfg = Debug|Win32
		{B29C929F-4247-4485-91A6-AE66F9DD98EC}.Debug|x86.Build.0 = Debug|Win32
		{B29C929F-4247-4485-91A6-AE66F9DD98EC}.Release|x64.ActiveCfg = Release|x64
		{B29C929F-4247-4485-91A6-AE66F9DD98EC}.Release|x64.Build.0 = Release|x64
		{B29C929F-4247-4485-91A6-AE66F9DD98EC}.Release|x86.ActiveCfg = Release|Win32
		{B29C929F-4247-4485-91A6-AE66F9DD98EC}.Release|x86.Build.0 = Release|Win32
	EndGlobalSection
	GlobalSection(SolutionProperties) = preSolution
		HideSolutionNode = FALSE
	EndGlobalSection
	GlobalSection(ExtensibilityGlobals) = postSolution
		SolutionGuid = {1E572DE8-E7A6-45E2-9463-ECBD2DE75221}
	EndGlobalSection
EndGlobal
